// !$*UTF8*$!
{
	archiveVersion = 1;
	classes = {
	};
	objectVersion = 46;
	objects = {

/* Begin PBXBuildFile section */
		AE257DCF1B343F8600201C68 /* RushHandler.h in CopyFiles */ = {isa = PBXBuildFile; fileRef = AE257DCE1B343F8600201C68 /* RushHandler.h */; };
		AE257DD71B343F8600201C68 /* libRushHandler.a in Frameworks */ = {isa = PBXBuildFile; fileRef = AE257DCB1B343F8600201C68 /* libRushHandler.a */; };
		AE257DEB1B343FAD00201C68 /* RushHandlerMap.m in Sources */ = {isa = PBXBuildFile; fileRef = AE257DE81B343FAD00201C68 /* RushHandlerMap.m */; };
/* End PBXBuildFile section */

/* Begin PBXContainerItemProxy section */
		AE257DD81B343F8600201C68 /* PBXContainerItemProxy */ = {
			isa = PBXContainerItemProxy;
			containerPortal = AE257DC31B343F8600201C68 /* Project object */;
			proxyType = 1;
			remoteGlobalIDString = AE257DCA1B343F8600201C68;
			remoteInfo = RushHandler;
		};
/* End PBXContainerItemProxy section */

/* Begin PBXCopyFilesBuildPhase section */
		AE257DC91B343F8600201C68 /* CopyFiles */ = {
			isa = PBXCopyFilesBuildPhase;
			buildActionMask = 2147483647;
			dstPath = "include/$(PRODUCT_NAME)";
			dstSubfolderSpec = 16;
			files = (
				AE257DCF1B343F8600201C68 /* RushHandler.h in CopyFiles */,
			);
			runOnlyForDeploymentPostprocessing = 0;
		};
/* End PBXCopyFilesBuildPhase section */

/* Begin PBXFileReference section */
		AE257DCB1B343F8600201C68 /* libRushHandler.a */ = {isa = PBXFileReference; explicitFileType = archive.ar; includeInIndex = 0; path = libRushHandler.a; sourceTree = BUILT_PRODUCTS_DIR; };
		AE257DCE1B343F8600201C68 /* RushHandler.h */ = {isa = PBXFileReference; lastKnownFileType = sourcecode.c.h; path = RushHandler.h; sourceTree = "<group>"; };
		AE257DD61B343F8600201C68 /* RushHandlerTests.xctest */ = {isa = PBXFileReference; explicitFileType = wrapper.cfbundle; includeInIndex = 0; path = RushHandlerTests.xctest; sourceTree = BUILT_PRODUCTS_DIR; };
		AE257DDC1B343F8600201C68 /* Info.plist */ = {isa = PBXFileReference; lastKnownFileType = text.plist.xml; path = Info.plist; sourceTree = "<group>"; };
		AE257DE71B343FAD00201C68 /* RushHandlerMap.h */ = {isa = PBXFileReference; fileEncoding = 4; lastKnownFileType = sourcecode.c.h; path = RushHandlerMap.h; sourceTree = "<group>"; };
		AE257DE81B343FAD00201C68 /* RushHandlerMap.m */ = {isa = PBXFileReference; fileEncoding = 4; lastKnownFileType = sourcecode.c.objc; path = RushHandlerMap.m; sourceTree = "<group>"; };
		AE257DE91B343FAD00201C68 /* RushHandlerProtocol.h */ = {isa = PBXFileReference; fileEncoding = 4; lastKnownFileType = sourcecode.c.h; name = RushHandlerProtocol.h; path = Classes/RushHandlerProtocol.h; sourceTree = "<group>"; };
/* End PBXFileReference section */

/* Begin PBXFrameworksBuildPhase section */
		AE257DC81B343F8600201C68 /* Frameworks */ = {
			isa = PBXFrameworksBuildPhase;
			buildActionMask = 2147483647;
			files = (
			);
			runOnlyForDeploymentPostprocessing = 0;
		};
		AE257DD31B343F8600201C68 /* Frameworks */ = {
			isa = PBXFrameworksBuildPhase;
			buildActionMask = 2147483647;
			files = (
				AE257DD71B343F8600201C68 /* libRushHandler.a in Frameworks */,
			);
			runOnlyForDeploymentPostprocessing = 0;
		};
/* End PBXFrameworksBuildPhase section */

/* Begin PBXGroup section */
		AE257DC21B343F8600201C68 = {
			isa = PBXGroup;
			children = (
				AE257DE91B343FAD00201C68 /* RushHandlerProtocol.h */,
				AE257DE51B343FAD00201C68 /* Classes */,
				AE257DCD1B343F8600201C68 /* RushHandler */,
				AE257DDA1B343F8600201C68 /* RushHandlerTests */,
				AE257DCC1B343F8600201C68 /* Products */,
			);
			sourceTree = "<group>";
		};
		AE257DCC1B343F8600201C68 /* Products */ = {
			isa = PBXGroup;
			children = (
				AE257DCB1B343F8600201C68 /* libRushHandler.a */,
				AE257DD61B343F8600201C68 /* RushHandlerTests.xctest */,
			);
			name = Products;
			sourceTree = "<group>";
		};
		AE257DCD1B343F8600201C68 /* RushHandler */ = {
			isa = PBXGroup;
			children = (
				AE257DCE1B343F8600201C68 /* RushHandler.h */,
			);
			path = RushHandler;
			sourceTree = "<group>";
		};
		AE257DDA1B343F8600201C68 /* RushHandlerTests */ = {
			isa = PBXGroup;
			children = (
				AE257DDB1B343F8600201C68 /* Supporting Files */,
			);
			path = RushHandlerTests;
			sourceTree = "<group>";
		};
		AE257DDB1B343F8600201C68 /* Supporting Files */ = {
			isa = PBXGroup;
			children = (
				AE257DDC1B343F8600201C68 /* Info.plist */,
			);
			name = "Supporting Files";
			sourceTree = "<group>";
		};
		AE257DE51B343FAD00201C68 /* Classes */ = {
			isa = PBXGroup;
			children = (
				AE257DE71B343FAD00201C68 /* RushHandlerMap.h */,
				AE257DE81B343FAD00201C68 /* RushHandlerMap.m */,
			);
			path = Classes;
			sourceTree = "<group>";
		};
/* End PBXGroup section */

/* Begin PBXNativeTarget section */
		AE257DCA1B343F8600201C68 /* RushHandler */ = {
			isa = PBXNativeTarget;
			buildConfigurationList = AE257DDF1B343F8600201C68 /* Build configuration list for PBXNativeTarget "RushHandler" */;
			buildPhases = (
				AE257DC71B343F8600201C68 /* Sources */,
				AE257DC81B343F8600201C68 /* Frameworks */,
				AE257DC91B343F8600201C68 /* CopyFiles */,
			);
			buildRules = (
			);
			dependencies = (
			);
			name = RushHandler;
			productName = RushHandler;
			productReference = AE257DCB1B343F8600201C68 /* libRushHandler.a */;
			productType = "com.apple.product-type.library.static";
		};
		AE257DD51B343F8600201C68 /* RushHandlerTests */ = {
			isa = PBXNativeTarget;
			buildConfigurationList = AE257DE21B343F8600201C68 /* Build configuration list for PBXNativeTarget "RushHandlerTests" */;
			buildPhases = (
				AE257DD21B343F8600201C68 /* Sources */,
				AE257DD31B343F8600201C68 /* Frameworks */,
				AE257DD41B343F8600201C68 /* Resources */,
			);
			buildRules = (
			);
			dependencies = (
				AE257DD91B343F8600201C68 /* PBXTargetDependency */,
			);
			name = RushHandlerTests;
			productName = RushHandlerTests;
			productReference = AE257DD61B343F8600201C68 /* RushHandlerTests.xctest */;
			productType = "com.apple.product-type.bundle.unit-test";
		};
/* End PBXNativeTarget section */

/* Begin PBXProject section */
		AE257DC31B343F8600201C68 /* Project object */ = {
			isa = PBXProject;
			attributes = {
				LastUpgradeCheck = 0630;
				ORGANIZATIONNAME = Limbate;
				TargetAttributes = {
					AE257DCA1B343F8600201C68 = {
						CreatedOnToolsVersion = 6.3.2;
					};
					AE257DD51B343F8600201C68 = {
						CreatedOnToolsVersion = 6.3.2;
					};
				};
			};
			buildConfigurationList = AE257DC61B343F8600201C68 /* Build configuration list for PBXProject "RushHandler" */;
			compatibilityVersion = "Xcode 3.2";
			developmentRegion = English;
			hasScannedForEncodings = 0;
			knownRegions = (
				en,
			);
			mainGroup = AE257DC21B343F8600201C68;
			productRefGroup = AE257DCC1B343F8600201C68 /* Products */;
			projectDirPath = "";
			projectRoot = "";
			targets = (
				AE257DCA1B343F8600201C68 /* RushHandler */,
				AE257DD51B343F8600201C68 /* RushHandlerTests */,
			);
		};
/* End PBXProject section */

/* Begin PBXResourcesBuildPhase section */
		AE257DD41B343F8600201C68 /* Resources */ = {
			isa = PBXResourcesBuildPhase;
			buildActionMask = 2147483647;
			files = (
			);
			runOnlyForDeploymentPostprocessing = 0;
		};
/* End PBXResourcesBuildPhase section */

/* Begin PBXSourcesBuildPhase section */
		AE257DC71B343F8600201C68 /* Sources */ = {
			isa = PBXSourcesBuildPhase;
			buildActionMask = 2147483647;
			files = (
				AE257DEB1B343FAD00201C68 /* RushHandlerMap.m in Sources */,
			);
			runOnlyForDeploymentPostprocessing = 0;
		};
		AE257DD21B343F8600201C68 /* Sources */ = {
			isa = PBXSourcesBuildPhase;
			buildActionMask = 2147483647;
			files = (
			);
			runOnlyForDeploymentPostprocessing = 0;
		};
/* End PBXSourcesBuildPhase section */

/* Begin PBXTargetDependency section */
		AE257DD91B343F8600201C68 /* PBXTargetDependency */ = {
			isa = PBXTargetDependency;
			target = AE257DCA1B343F8600201C68 /* RushHandler */;
			targetProxy = AE257DD81B343F8600201C68 /* PBXContainerItemProxy */;
		};
/* End PBXTargetDependency section */

/* Begin XCBuildConfiguration section */
		AE257DDD1B343F8600201C68 /* Debug */ = {
			isa = XCBuildConfiguration;
			buildSettings = {
				ALWAYS_SEARCH_USER_PATHS = NO;
				CLANG_CXX_LANGUAGE_STANDARD = "gnu++0x";
				CLANG_CXX_LIBRARY = "libc++";
				CLANG_ENABLE_MODULES = YES;
				CLANG_ENABLE_OBJC_ARC = YES;
				CLANG_WARN_BOOL_CONVERSION = YES;
				CLANG_WARN_CONSTANT_CONVERSION = YES;
				CLANG_WARN_DIRECT_OBJC_ISA_USAGE = YES_ERROR;
				CLANG_WARN_EMPTY_BODY = YES;
				CLANG_WARN_ENUM_CONVERSION = YES;
				CLANG_WARN_INT_CONVERSION = YES;
				CLANG_WARN_OBJC_ROOT_CLASS = YES_ERROR;
				CLANG_WARN_UNREACHABLE_CODE = YES;
				CLANG_WARN__DUPLICATE_METHOD_MATCH = YES;
				COPY_PHASE_STRIP = NO;
				DEBUG_INFORMATION_FORMAT = "dwarf-with-dsym";
				ENABLE_STRICT_OBJC_MSGSEND = YES;
				GCC_C_LANGUAGE_STANDARD = gnu99;
				GCC_DYNAMIC_NO_PIC = NO;
				GCC_NO_COMMON_BLOCKS = YES;
				GCC_OPTIMIZATION_LEVEL = 0;
				GCC_PREPROCESSOR_DEFINITIONS = (
					"DEBUG=1",
					"$(inherited)",
				);
				GCC_SYMBOLS_PRIVATE_EXTERN = NO;
				GCC_WARN_64_TO_32_BIT_CONVERSION = YES;
				GCC_WARN_ABOUT_RETURN_TYPE = YES_ERROR;
				GCC_WARN_UNDECLARED_SELECTOR = YES;
				GCC_WARN_UNINITIALIZED_AUTOS = YES_AGGRESSIVE;
				GCC_WARN_UNUSED_FUNCTION = YES;
				GCC_WARN_UNUSED_VARIABLE = YES;
				IPHONEOS_DEPLOYMENT_TARGET = 8.3;
				MTL_ENABLE_DEBUG_INFO = YES;
				ONLY_ACTIVE_ARCH = YES;
				SDKROOT = iphoneos;
			};
			name = Debug;
		};
		AE257DDE1B343F8600201C68 /* Release */ = {
			isa = XCBuildConfiguration;
			buildSettings = {
				ALWAYS_SEARCH_USER_PATHS = NO;
				CLANG_CXX_LANGUAGE_STANDARD = "gnu++0x";
				CLANG_CXX_LIBRARY = "libc++";
				CLANG_ENABLE_MODULES = YES;
				CLANG_ENABLE_OBJC_ARC = YES;
				CLANG_WARN_BOOL_CONVERSION = YES;
				CLANG_WARN_CONSTANT_CONVERSION = YES;
				CLANG_WARN_DIRECT_OBJC_ISA_USAGE = YES_ERROR;
				CLANG_WARN_EMPTY_BODY = YES;
				CLANG_WARN_ENUM_CONVERSION = YES;
				CLANG_WARN_INT_CONVERSION = YES;
				CLANG_WARN_OBJC_ROOT_CLASS = YES_ERROR;
				CLANG_WARN_UNREACHABLE_CODE = YES;
				CLANG_WARN__DUPLICATE_METHOD_MATCH = YES;
				COPY_PHASE_STRIP = NO;
				DEBUG_INFORMATION_FORMAT = "dwarf-with-dsym";
				ENABLE_NS_ASSERTIONS = NO;
				ENABLE_STRICT_OBJC_MSGSEND = YES;
				GCC_C_LANGUAGE_STANDARD = gnu99;
				GCC_NO_COMMON_BLOCKS = YES;
				GCC_WARN_64_TO_32_BIT_CONVERSION = YES;
				GCC_WARN_ABOUT_RETURN_TYPE = YES_ERROR;
				GCC_WARN_UNDECLARED_SELECTOR = YES;
				GCC_WARN_UNINITIALIZED_AUTOS = YES_AGGRESSIVE;
				GCC_WARN_UNUSED_FUNCTION = YES;
				GCC_WARN_UNUSED_VARIABLE = YES;
				IPHONEOS_DEPLOYMENT_TARGET = 8.3;
				MTL_ENABLE_DEBUG_INFO = NO;
				SDKROOT = iphoneos;
				VALIDATE_PRODUCT = YES;
			};
			name = Release;
		};
		AE257DE01B343F8600201C68 /* Debug */ = {
			isa = XCBuildConfiguration;
			buildSettings = {
				OTHER_LDFLAGS = "-ObjC";
				PRODUCT_NAME = "$(TARGET_NAME)";
				SKIP_INSTALL = YES;
			};
			name = Debug;
		};
		AE257DE11B343F8600201C68 /* Release */ = {
			isa = XCBuildConfiguration;
			buildSettings = {
				OTHER_LDFLAGS = "-ObjC";
				PRODUCT_NAME = "$(TARGET_NAME)";
				SKIP_INSTALL = YES;
			};
			name = Release;
		};
		AE257DE31B343F8600201C68 /* Debug */ = {
			isa = XCBuildConfiguration;
			buildSettings = {
				"CODE_SIGN_IDENTITY[sdk=iphoneos*]" = "iPhone Developer";
				FRAMEWORK_SEARCH_PATHS = (
					"$(SDKROOT)/Developer/Library/Frameworks",
					"$(inherited)",
				);
				GCC_PREPROCESSOR_DEFINITIONS = (
					"DEBUG=1",
					"$(inherited)",
				);
				INFOPLIST_FILE = RushHandlerTests/Info.plist;
				LD_RUNPATH_SEARCH_PATHS = "$(inherited) @executable_path/Frameworks @loader_path/Frameworks";
				PRODUCT_NAME = "$(TARGET_NAME)";
			};
			name = Debug;
		};
		AE257DE41B343F8600201C68 /* Release */ = {
			isa = XCBuildConfiguration;
			buildSettings = {
				"CODE_SIGN_IDENTITY[sdk=iphoneos*]" = "iPhone Developer";
				FRAMEWORK_SEARCH_PATHS = (
					"$(SDKROOT)/Developer/Library/Frameworks",
					"$(inherited)",
				);
				INFOPLIST_FILE = RushHandlerTests/Info.plist;
				LD_RUNPATH_SEARCH_PATHS = "$(inherited) @executable_path/Frameworks @loader_path/Frameworks";
				PRODUCT_NAME = "$(TARGET_NAME)";
			};
			name = Release;
		};
/* End XCBuildConfiguration section */

/* Begin XCConfigurationList section */
		AE257DC61B343F8600201C68 /* Build configuration list for PBXProject "RushHandler" */ = {
			isa = XCConfigurationList;
			buildConfigurations = (
				AE257DDD1B343F8600201C68 /* Debug */,
				AE257DDE1B343F8600201C68 /* Release */,
			);
			defaultConfigurationIsVisible = 0;
			defaultConfigurationName = Release;
		};
		AE257DDF1B343F8600201C68 /* Build configuration list for PBXNativeTarget "RushHandler" */ = {
			isa = XCConfigurationList;
			buildConfigurations = (
				AE257DE01B343F8600201C68 /* Debug */,
				AE257DE11B343F8600201C68 /* Release */,
			);
			defaultConfigurationIsVisible = 0;
			defaultConfigurationName = Release;
		};
		AE257DE21B343F8600201C68 /* Build configuration list for PBXNativeTarget "RushHandlerTests" */ = {
			isa = XCConfigurationList;
			buildConfigurations = (
				AE257DE31B343F8600201C68 /* Debug */,
				AE257DE41B343F8600201C68 /* Release */,
			);
			defaultConfigurationIsVisible = 0;
			defaultConfigurationName = Release;
		};
/* End XCConfigurationList section */
	};
	rootObject = AE257DC31B343F8600201C68 /* Project object */;
}
